{
  "projects": [
    {
      "projectId": "caTPwKxj5ZrD9LQ7DMdK4Z",
      "version": "3.19.1",
      "dependencies": {},
      "lang": "ts",
      "fileLocks": [
        {
          "assetId": "caTPwKxj5ZrD9LQ7DMdK4Z",
          "type": "projectCss",
          "checksum": "e1ec850476829c38b0f9b6d4f7ac446a"
        }
      ],
      "codegenVersion": "0.0.1"
    },
    {
      "projectId": "ejbt2NrqsHvgg4iLFGMHN",
      "version": "latest",
      "dependencies": {
        "caTPwKxj5ZrD9LQ7DMdK4Z": "3.19.1"
      },
      "lang": "ts",
      "fileLocks": [
        {
          "type": "globalVariant",
          "assetId": "wSb_FPkbE2LPAk",
          "checksum": "230fc284e18ae9d38e75b89d717d17c5"
        },
        {
          "type": "renderModule",
          "assetId": "mwsPi1CNXOJf_",
          "checksum": "b2bd6a15b27f98425ce5bdf4ab8b8e19"
        },
        {
          "type": "cssRules",
          "assetId": "mwsPi1CNXOJf_",
          "checksum": "b2bd6a15b27f98425ce5bdf4ab8b8e19"
        },
        {
          "type": "renderModule",
          "assetId": "mNA3iu8K3v",
          "checksum": "0f201b65d3919b74fd1a45cb8cf6ec9c"
        },
        {
          "type": "cssRules",
          "assetId": "mNA3iu8K3v",
          "checksum": "0f201b65d3919b74fd1a45cb8cf6ec9c"
        },
        {
          "type": "renderModule",
          "assetId": "Y9FgrnUELZ",
          "checksum": "d3153c3d35f1ed545a0e77f589212ee3"
        },
        {
          "type": "cssRules",
          "assetId": "Y9FgrnUELZ",
          "checksum": "d3153c3d35f1ed545a0e77f589212ee3"
        },
        {
          "type": "renderModule",
          "assetId": "Afrh9tuOkc",
          "checksum": "262cb56af7586eb90dbe8fd3bf813832"
        },
        {
          "type": "cssRules",
          "assetId": "Afrh9tuOkc",
          "checksum": "262cb56af7586eb90dbe8fd3bf813832"
        },
        {
          "type": "renderModule",
          "assetId": "grpbNnxcKA",
          "checksum": "e064cf6dc1f6fe86893dd65c3b2942a3"
        },
        {
          "type": "cssRules",
          "assetId": "grpbNnxcKA",
          "checksum": "e064cf6dc1f6fe86893dd65c3b2942a3"
        },
        {
          "type": "renderModule",
          "assetId": "UrlZp224tf",
          "checksum": "9d5a52345aed0420f3e4e04c9a5e1648"
        },
        {
          "type": "cssRules",
          "assetId": "UrlZp224tf",
          "checksum": "9d5a52345aed0420f3e4e04c9a5e1648"
        },
        {
          "type": "renderModule",
          "assetId": "5MMMq0eMhp",
          "checksum": "2adee45a7fdfb6aca2dcf86b65062415"
        },
        {
          "type": "cssRules",
          "assetId": "5MMMq0eMhp",
          "checksum": "2adee45a7fdfb6aca2dcf86b65062415"
        },
        {
          "type": "renderModule",
          "assetId": "dB6U7wZo1Y",
          "checksum": "dc68d909aca6268f1ff39771e4ac7aef"
        },
        {
          "type": "cssRules",
          "assetId": "dB6U7wZo1Y",
          "checksum": "dc68d909aca6268f1ff39771e4ac7aef"
        },
        {
          "type": "renderModule",
          "assetId": "5qrMA9HWaD",
          "checksum": "b023c8de76c065c6f4170d2053700c0a"
        },
        {
          "type": "cssRules",
          "assetId": "5qrMA9HWaD",
          "checksum": "b023c8de76c065c6f4170d2053700c0a"
        },
        {
          "type": "renderModule",
          "assetId": "-NoW2rTyie",
          "checksum": "eb4d70633107c571231754539719b083"
        },
        {
          "type": "cssRules",
          "assetId": "-NoW2rTyie",
          "checksum": "eb4d70633107c571231754539719b083"
        },
        {
          "type": "renderModule",
          "assetId": "TwpI3BddKt",
          "checksum": "f7d4b82f7eb0f4eef7eb84aa73ef0174"
        },
        {
          "type": "cssRules",
          "assetId": "TwpI3BddKt",
          "checksum": "f7d4b82f7eb0f4eef7eb84aa73ef0174"
        },
        {
          "type": "renderModule",
          "assetId": "euCLiUrO8v",
          "checksum": "a88274bb8d0a91d1974a274d4b2ce460"
        },
        {
          "type": "cssRules",
          "assetId": "euCLiUrO8v",
          "checksum": "a88274bb8d0a91d1974a274d4b2ce460"
        },
        {
          "type": "renderModule",
          "assetId": "Nttb067m4D",
          "checksum": "920dfcfb8104c75d0eef9ff6d9d0548c"
        },
        {
          "type": "cssRules",
          "assetId": "Nttb067m4D",
          "checksum": "920dfcfb8104c75d0eef9ff6d9d0548c"
        },
        {
          "type": "renderModule",
          "assetId": "bN2_-ItxMW",
          "checksum": "d559767abdf413e9e646d1db26cd915c"
        },
        {
          "type": "cssRules",
          "assetId": "bN2_-ItxMW",
          "checksum": "d559767abdf413e9e646d1db26cd915c"
        },
        {
          "type": "renderModule",
          "assetId": "1tgj2atDfp",
          "checksum": "7a8efe747eebf2584cd93e14a47fc6e8"
        },
        {
          "type": "cssRules",
          "assetId": "1tgj2atDfp",
          "checksum": "7a8efe747eebf2584cd93e14a47fc6e8"
        },
        {
          "type": "renderModule",
          "assetId": "uQVmc5_LqC",
          "checksum": "956b03fd63b48c4a347ffad6a7683e48"
        },
        {
          "type": "cssRules",
          "assetId": "uQVmc5_LqC",
          "checksum": "956b03fd63b48c4a347ffad6a7683e48"
        },
        {
          "type": "globalVariant",
          "assetId": "oQfrUCXWis",
          "checksum": "a78e843feeb8a759545d4c5d9c7eff85"
        },
        {
          "assetId": "ejbt2NrqsHvgg4iLFGMHN",
          "type": "projectCss",
          "checksum": "cca0f8750850674143005f38afb87424"
        }
      ],
      "codegenVersion": "0.0.1"
    }
  ],
  "cliVersion": "0.1.294"
}
